#STM32F103C8Tx
RCC.HSE=8
RCC.PLL=72
RCC.SYSCLK=72
I2C1.Mode=I2C
I2C1.DMA=Enabled
I2C1.SCL=PB6
I2C1.SDA=PB7
I2C1.TX.DMA=DMA1_CH6
I2C1.RX.DMA=DMA1_CH7
USART1.Mode=Asynchronous
USART1.BaudRate=115200
USART1.TX=PA9
USART1.RX=PA10
NVIC.I2C1_EV=Enabled
NVIC.I2C1_ER=Enabled
NVIC.DMA1_CH6=Enabled
NVIC.DMA1_CH7=Enabled
FreeRTOS.Interface=CMSIS_V2
FreeRTOS.Tasks=MPU6050_Task,256,osPriorityNormal,0
SYS.Timebase=SysTick
Mcu.Family=STM32F1
Mcu.Name=STM32F103C8Tx
Project.Name=stm32-mpu6050
